
Microsoft Visual Studio Solution File, Format Version 12.00
# Visual Studio Version 17
VisualStudioVersion = 17.4.33213.308
MinimumVisualStudioVersion = 10.0.40219.1
Project("{FAE04EC0-301F-11D3-BF4B-00C04F79EFBC}") = "True Food Kitchen", "True Food Kitchen.csproj", "{297BBA6A-E5BE-48DF-BEF4-16A664B88C94}"
EndProject
Global
	GlobalSection(SolutionConfigurationPlatforms) = preSolution
		Debug|Any CPU = Debug|Any CPU
		Release|Any CPU = Release|Any CPU
	EndGlobalSection
	GlobalSection(ProjectConfigurationPlatforms) = postSolution
		{297BBA6A-E5BE-48DF-BEF4-16A664B88C94}.Debug|Any CPU.ActiveCfg = Debug|Any CPU
		{297BBA6A-E5BE-48DF-BEF4-16A664B88C94}.Debug|Any CPU.Build.0 = Debug|Any CPU
		{297BBA6A-E5BE-48DF-BEF4-16A664B88C94}.Release|Any CPU.ActiveCfg = Release|Any CPU
		{297BBA6A-E5BE-48DF-BEF4-16A664B88C94}.Release|Any CPU.Build.0 = Release|Any CPU
	EndGlobalSection
	GlobalSection(SolutionProperties) = preSolution
		HideSolutionNode = FALSE
	EndGlobalSection
	GlobalSection(ExtensibilityGlobals) = postSolution
		SolutionGuid = {D36077B0-2367-4AAD-AEAC-D14CA9A9B3FE}
	EndGlobalSection
EndGlobal
